PODS:
  - Ads-CN (6.1.2.8):
    - Ads-CN/BUAdSDK (= 6.1.2.8)
  - Ads-CN/BUAdSDK (6.1.2.8)
  - BaiduMobAdSDK (5.331)
  - GDTMobSDK (4.14.63):
    - GDTMobSDK/GDTMobSDK (= 4.14.63)
  - GDTMobSDK/GDTMobSDK (4.14.63)
  - JADYun (2.6.2)
  - KSAdSDK (3.3.66.3)
  - Masonry (1.1.0)
  - MentaBaiduAdapter (5.20.34):
    - BaiduMobAdSDK (= 5.331)
    - MentaUnifiedSDK (~> 5.20.34)
  - MentaCSJAdapter (5.20.34):
    - Ads-CN (= 6.1.2.8)
    - MentaUnifiedSDK (~> 5.20.34)
  - MentaGDTAdapter (5.20.34):
    - GDTMobSDK (= 4.14.63)
    - MentaUnifiedSDK (~> 5.20.34)
  - MentaJDYunAdapter (5.20.34):
    - JADYun (= 2.6.2)
    - MentaUnifiedSDK (~> 5.20.34)
  - MentaKSAdapter (5.20.34):
    - KSAdSDK (= 3.3.66.3)
    - MentaUnifiedSDK (~> 5.20.34)
  - MentaSigmobAdapter (5.20.34):
    - MentaUnifiedSDK (~> 5.20.34)
    - SigmobAd-iOS (= 4.12.5)
  - MentaTanxAdapter (5.20.34):
    - MentaTanxSDK (= 3.2.0.1)
    - MentaUnifiedSDK (~> 5.20.34)
  - MentaTanxSDK (3.2.0.1)
  - MentaUnifiedSDK (5.20.34):
    - MentaVlionBaseSDK (~> 5.20.34)
  - MentaVlionAdapter (5.20.34):
    - MentaUnifiedSDK (~> 5.20.34)
    - MentaVlionSDK (~> 5.20.34)
  - MentaVlionBaseSDK (5.20.34)
  - MentaVlionSDK (5.20.34):
    - MentaVlionBaseSDK (~> 5.20.34)
  - SDWebImage (5.19.2):
    - SDWebImage/Core (= 5.19.2)
  - SDWebImage/Core (5.19.2)
  - SigmobAd-iOS (4.12.5):
    - SigmobAd-iOS/WindSDK (= 4.12.5)
  - SigmobAd-iOS/WindSDK (4.12.5)

DEPENDENCIES:
  - Masonry
  - MentaBaiduAdapter (= 5.20.34)
  - MentaCSJAdapter (= 5.20.34)
  - MentaGDTAdapter (= 5.20.34)
  - MentaJDYunAdapter (= 5.20.34)
  - MentaKSAdapter (= 5.20.34)
  - MentaSigmobAdapter (= 5.20.34)
  - MentaTanxAdapter (= 5.20.34)
  - MentaUnifiedSDK (= 5.20.34)
  - MentaVlionAdapter (= 5.20.34)
  - MentaVlionBaseSDK (= 5.20.34)
  - MentaVlionSDK (= 5.20.34)
  - SDWebImage (~> 5.0)

SPEC REPOS:
  https://github.com/CocoaPods/Specs.git:
    - Ads-CN
    - BaiduMobAdSDK
    - GDTMobSDK
    - JADYun
    - KSAdSDK
    - Masonry
    - MentaBaiduAdapter
    - MentaCSJAdapter
    - MentaGDTAdapter
    - MentaJDYunAdapter
    - MentaKSAdapter
    - MentaSigmobAdapter
    - MentaTanxAdapter
    - MentaTanxSDK
    - MentaUnifiedSDK
    - MentaVlionAdapter
    - MentaVlionBaseSDK
    - MentaVlionSDK
    - SDWebImage
    - SigmobAd-iOS

SPEC CHECKSUMS:
  Ads-CN: aa63bec19bf3b2521faaef44e47af696c2cb37ff
  BaiduMobAdSDK: 0a9575de77e4a6d48cfa8ac294a899a98d32f7fc
  GDTMobSDK: 12270ef644af85e8032974b1a75df90593e96d1d
  JADYun: b1657537724c346fe99069455e4672aa992422aa
  KSAdSDK: 6221f1940d5c189943b256ce8458cdaf6b733ac1
  Masonry: 678fab65091a9290e40e2832a55e7ab731aad201
  MentaBaiduAdapter: 8f0321f56127a8ef7cbaad97d1a2650128cc4b3f
  MentaCSJAdapter: fddcab9dbbe5a492e0414145906e4f8fe984a6fc
  MentaGDTAdapter: 1efb23aa4411242f19819fe335f10f283a84581a
  MentaJDYunAdapter: cef7eb25c6ad6ea893f653d728c21b7149ad9147
  MentaKSAdapter: 4146ec8948664c24743638554bf76856029191a3
  MentaSigmobAdapter: 0c16d23348db8b8c6122bb331cd4b6b02166cbeb
  MentaTanxAdapter: 176ff2fc020263e18c46bc68d9b95498427477da
  MentaTanxSDK: 4b2187547c0da00b4ca1d450628e1feda01d12b5
  MentaUnifiedSDK: 783bc907c15ddbca3ee835c405dd390da4f254fc
  MentaVlionAdapter: ef8fce3f3d4c35748a52b7381c324320f535a404
  MentaVlionBaseSDK: 9b8b68d22fed295fba58d19038ed6cee5bb3b375
  MentaVlionSDK: df2189e111ac445237256dd2ee5d828b57c6210b
  SDWebImage: dfe95b2466a9823cf9f0c6d01217c06550d7b29a
  SigmobAd-iOS: 017e666ac74674dfe17e40a963edf62279de5889

PODFILE CHECKSUM: d9a9a205bd99f6e26011559f5c7ee84c74df5e95

COCOAPODS: 1.15.2
