PODS:
  - Ads-CN (6.6.1.3):
    - Ads-CN/BUAdLive-Framework (= 6.6.1.3)
    - Ads-CN/BUAdSDK (= 6.6.1.3)
  - Ads-CN/BUAdLive-Framework (6.6.1.3):
    - BUTTSDKFramework/LivePull-Lite (= 1.45.1.8-premium)
  - Ads-CN/BUAdSDK (6.6.1.3)
  - BaiduMobAdSDK (5.373)
  - BUTTSDKFramework/Core (1.45.1.8-premium)
  - BUTTSDKFramework/LiveBase (1.45.1.8-premium):
    - BUTTSDKFramework/Core
    - BUTTSDKFramework/Reachability
  - BUTTSDKFramework/LivePlayer/Base (1.45.1.8-premium):
    - BUTTSDKFramework/Core
    - BUTTSDKFramework/LiveBase
    - BUTTSDKFramework/Reachability
  - BUTTSDKFramework/LivePlayer/Lite (1.45.1.8-premium):
    - BUTTSDKFramework/LivePlayer/Base
    - BUTTSDKFramework/PlayerCore/LiveLite
  - BUTTSDKFramework/LivePull-Lite (1.45.1.8-premium):
    - BUTTSDKFramework/LivePlayer/Lite
    - BUTTSDKFramework/Strategy/Lite
  - BUTTSDKFramework/PlayerCore/LiveLite (1.45.1.8-premium):
    - BUTTSDKFramework/TTFFmpeg/LiveLite
  - BUTTSDKFramework/Reachability (1.45.1.8-premium)
  - BUTTSDKFramework/SSL (1.45.1.8-premium)
  - BUTTSDKFramework/Strategy/Core (1.45.1.8-premium):
    - BUTTSDKFramework/LiveBase
    - BUTTSDKFramework/Reachability
  - BUTTSDKFramework/Strategy/Lite (1.45.1.8-premium):
    - BUTTSDKFramework/LivePlayer/Lite
    - BUTTSDKFramework/Strategy/Core
  - BUTTSDKFramework/Tools (1.45.1.8-premium):
    - BUTTSDKFramework/SSL
  - BUTTSDKFramework/TTFFmpeg/Base (1.45.1.8-premium):
    - BUTTSDKFramework/Tools
  - BUTTSDKFramework/TTFFmpeg/LiveLite (1.45.1.8-premium):
    - BUTTSDKFramework/TTFFmpeg/Base
  - GDTMobSDK (4.15.10)
  - JADYun (2.6.8)
  - KSAdSDK (3.3.74)
  - Masonry (1.1.0)
  - MentaBaiduAdapter (6.00.31):
    - BaiduMobAdSDK (= 5.373)
    - MentaUnifiedSDK (~> 6.00.31)
  - MentaCSJAdapter (6.00.31):
    - Ads-CN (= 6.6.1.3)
    - MentaUnifiedSDK (~> 6.00.31)
  - MentaGDTAdapter (6.00.31):
    - GDTMobSDK (= 4.15.10)
    - MentaUnifiedSDK (~> 6.00.31)
  - MentaIFLYAdapter (6.00.31):
    - MentaIFLYSDK (= 4.5.0)
    - MentaUnifiedSDK (~> 6.00.31)
  - MentaIFLYSDK (4.5.0)
  - MentaJDYunAdapter (6.00.31):
    - JADYun (= 2.6.8)
    - MentaUnifiedSDK (~> 6.00.31)
  - MentaJumoAdapter (6.00.31):
    - MentaUnifiedSDK (~> 6.00.31)
    - YouTuiAdSDK_SPEC (= 2.12.4)
  - MentaKSAdapter (6.00.31):
    - KSAdSDK
    - MentaUnifiedSDK (~> 6.00.31)
  - MentaMeishuAdapter (6.00.31):
    - MentaUnifiedSDK (~> 6.00.31)
    - MSMobAdSDK/MS (= 2.5.1.2)
  - MentaSigmobAdapter (6.00.31):
    - MentaUnifiedSDK (~> 6.00.31)
    - SigmobAd-iOS (= 4.12.5)
  - MentaTanxAdapter (6.00.31):
    - MentaUnifiedSDK (~> 6.00.31)
    - TanxSDK (= 3.7.0)
  - MentaUnifiedSDK (6.00.31):
    - MentaVlionBaseSDK (~> 6.00.31)
  - MentaVlionAdapter (6.00.31):
    - MentaUnifiedSDK (~> 6.00.31)
    - MentaVlionSDK (~> 6.00.31)
  - MentaVlionBaseSDK (6.00.31)
  - MentaVlionSDK (6.00.31):
    - MentaVlionBaseSDK (~> 6.00.31)
  - MentaWXminiAdapter (6.00.31):
    - MentaUnifiedSDK (~> 6.00.31)
    - MentaVlionBaseSDK (~> 6.00.31)
    - WechatOpenSDK-XCFramework
  - MSMobAdSDK/MotionLess (2.5.1.2)
  - MSMobAdSDK/MS (2.5.1.2):
    - MSMobAdSDK/MotionLess
  - SDWebImage (5.20.0):
    - SDWebImage/Core (= 5.20.0)
  - SDWebImage/Core (5.20.0)
  - SigmobAd-iOS (4.12.5):
    - SigmobAd-iOS/WindSDK (= 4.12.5)
  - SigmobAd-iOS/WindSDK (4.12.5)
  - TanxSDK (3.7.0)
  - WechatOpenSDK-XCFramework (2.0.4)
  - YouTuiAdSDK_SPEC (2.12.4):
    - YTRelayFoundation (= 1.1.6)
  - YTRelayFoundation (1.1.6)

DEPENDENCIES:
  - Masonry
  - MentaBaiduAdapter (= 6.00.31)
  - MentaCSJAdapter (= 6.00.31)
  - MentaGDTAdapter (= 6.00.31)
  - MentaIFLYAdapter (= 6.00.31)
  - MentaJDYunAdapter (= 6.00.31)
  - MentaJumoAdapter (= 6.00.31)
  - MentaKSAdapter (= 6.00.31)
  - MentaMeishuAdapter (= 6.00.31)
  - MentaSigmobAdapter (= 6.00.31)
  - MentaTanxAdapter (= 6.00.31)
  - MentaUnifiedSDK (= 6.00.31)
  - MentaVlionAdapter (= 6.00.31)
  - MentaVlionBaseSDK (= 6.00.31)
  - MentaVlionSDK (= 6.00.31)
  - MentaWXminiAdapter (= 6.00.31)
  - SDWebImage (~> 5.0)

SPEC REPOS:
  https://github.com/CocoaPods/Specs.git:
    - Ads-CN
    - BaiduMobAdSDK
    - BUTTSDKFramework
    - GDTMobSDK
    - JADYun
    - KSAdSDK
    - Masonry
    - MentaBaiduAdapter
    - MentaCSJAdapter
    - MentaGDTAdapter
    - MentaIFLYAdapter
    - MentaIFLYSDK
    - MentaJDYunAdapter
    - MentaJumoAdapter
    - MentaKSAdapter
    - MentaMeishuAdapter
    - MentaSigmobAdapter
    - MentaTanxAdapter
    - MentaUnifiedSDK
    - MentaVlionAdapter
    - MentaVlionBaseSDK
    - MentaVlionSDK
    - MentaWXminiAdapter
    - MSMobAdSDK
    - SDWebImage
    - SigmobAd-iOS
    - TanxSDK
    - WechatOpenSDK-XCFramework
    - YouTuiAdSDK_SPEC
    - YTRelayFoundation

SPEC CHECKSUMS:
  Ads-CN: 05317f36aecf6685f3647135fe5efff9fa3f9e0b
  BaiduMobAdSDK: 834a7246eab7a8af4e7f0fc8e94a3482a2f57859
  BUTTSDKFramework: 914058900f46707f12a6e8c10e8da6ba4e891c3e
  GDTMobSDK: 17a7af711cf6b7c8a3a0a4edc3916dc2467877e9
  JADYun: fe7f107f9baa699ef768fd3bb74d2b0aee70bb48
  KSAdSDK: bf5dcb9cc6a3dc83e5d4fcc44d96e94c16630b1c
  Masonry: 678fab65091a9290e40e2832a55e7ab731aad201
  MentaBaiduAdapter: f857ecda6d8a5271de5196206c82442da0aefec4
  MentaCSJAdapter: eef50fccd85f4f7d1f51e87be0682c42febd73d1
  MentaGDTAdapter: a5793174c4a74a0ac4ae5094ddb54221b327e28b
  MentaIFLYAdapter: 8a429b12a12dd8e27375380fdefabedefab803c4
  MentaIFLYSDK: 3926e959d5fd34734755340a21c28ea0a62c696f
  MentaJDYunAdapter: 2d47a3639555e101c4212cd42afeb61d9bfa2517
  MentaJumoAdapter: ce9b74047bf9bc14d5c79970f66713ff018bc410
  MentaKSAdapter: 8e7d125d7601649b022b6a5b29a5371b6311c87a
  MentaMeishuAdapter: d5745b38f272f960b6e9b42ddd4327a51d0e3115
  MentaSigmobAdapter: 4ce22cbef089bbe10259657728842530e870deb1
  MentaTanxAdapter: b4f7929a96285658f2150fbe655fa6b47fd6316a
  MentaUnifiedSDK: 46ec5a5fc2bcda516a74d42a980bf4a32d611a8f
  MentaVlionAdapter: 6f40b4c1195ae74698435f5e90d0769fd9f237b4
  MentaVlionBaseSDK: 64fae1e595017e537bad625de602e0965d5f18a6
  MentaVlionSDK: dd214dfc610dec7a865b117c1b33cc3cdeab0d08
  MentaWXminiAdapter: a8c28f2f7d5f53ada6b59255ae188ccd58714a67
  MSMobAdSDK: 10e4c8ad6ded56f5a1280b2c940248d5a0f598ba
  SDWebImage: 73c6079366fea25fa4bb9640d5fb58f0893facd8
  SigmobAd-iOS: 017e666ac74674dfe17e40a963edf62279de5889
  TanxSDK: b054d931a873eed25a14070bb26be8a1f2f87bfd
  WechatOpenSDK-XCFramework: 36fb2bea0754266c17184adf4963d7e6ff98b69f
  YouTuiAdSDK_SPEC: b4f1fcf1ab367a9422b20a1ff77bbef0e01c8782
  YTRelayFoundation: 5dfe093498058db6ceff190a688b279c0525f795

PODFILE CHECKSUM: 0cca735c2ba1ed3e3e18a53966b97fb2956e7c35

COCOAPODS: 1.15.2
